
Microsoft Visual Studio Solution File, Format Version 12.00
# Visual Studio 2012
Project("{FAE04EC0-301F-11D3-BF4B-00C04F79EFBC}") = "SocketPhoto", "SocketPhoto\SocketPhoto.csproj", "{C01A07CE-971F-4AB4-9378-71225B77AF61}"
EndProject
Global
	GlobalSection(SolutionConfigurationPlatforms) = preSolution
		Debug|Any CPU = Debug|Any CPU
		Release|Any CPU = Release|Any CPU
	EndGlobalSection
	GlobalSection(ProjectConfigurationPlatforms) = postSolution
		{C01A07CE-971F-4AB4-9378-71225B77AF61}.Debug|Any CPU.ActiveCfg = Debug|Any CPU
		{C01A07CE-971F-4AB4-9378-71225B77AF61}.Debug|Any CPU.Build.0 = Debug|Any CPU
		{C01A07CE-971F-4AB4-9378-71225B77AF61}.Release|Any CPU.ActiveCfg = Release|Any CPU
		{C01A07CE-971F-4AB4-9378-71225B77AF61}.Release|Any CPU.Build.0 = Release|Any CPU
	EndGlobalSection
	GlobalSection(SolutionProperties) = preSolution
		HideSolutionNode = FALSE
	EndGlobalSection
EndGlobal
